
Microsoft Visual Studio Solution File, Format Version 12.00
# Visual Studio 14
VisualStudioVersion = 14.0.24720.0
MinimumVisualStudioVersion = 10.0.40219.1
Project("{FAE04EC0-301F-11D3-BF4B-00C04F79EFBC}") = "Logic", "Logic\Logic.csproj", "{288B23DA-476F-4FAB-9F89-4529B72D91A7}"
EndProject
Project("{FAE04EC0-301F-11D3-BF4B-00C04F79EFBC}") = "CLI", "CLI\CLI.csproj", "{175AE329-9D85-4011-A09B-47F0CB325AF3}"
EndProject
Project("{FAE04EC0-301F-11D3-BF4B-00C04F79EFBC}") = "Logic.Test", "Logic.Test\Logic.Test.csproj", "{1744203E-DEE7-4B11-B0D8-BB63F7374312}"
EndProject
Global
	GlobalSection(SolutionConfigurationPlatforms) = preSolution
		Debug|Any CPU = Debug|Any CPU
		Release|Any CPU = Release|Any CPU
	EndGlobalSection
	GlobalSection(ProjectConfigurationPlatforms) = postSolution
		{288B23DA-476F-4FAB-9F89-4529B72D91A7}.Debug|Any CPU.ActiveCfg = Debug|Any CPU
		{288B23DA-476F-4FAB-9F89-4529B72D91A7}.Debug|Any CPU.Build.0 = Debug|Any CPU
		{288B23DA-476F-4FAB-9F89-4529B72D91A7}.Release|Any CPU.ActiveCfg = Release|Any CPU
		{288B23DA-476F-4FAB-9F89-4529B72D91A7}.Release|Any CPU.Build.0 = Release|Any CPU
		{175AE329-9D85-4011-A09B-47F0CB325AF3}.Debug|Any CPU.ActiveCfg = Debug|Any CPU
		{175AE329-9D85-4011-A09B-47F0CB325AF3}.Debug|Any CPU.Build.0 = Debug|Any CPU
		{175AE329-9D85-4011-A09B-47F0CB325AF3}.Release|Any CPU.ActiveCfg = Release|Any CPU
		{175AE329-9D85-4011-A09B-47F0CB325AF3}.Release|Any CPU.Build.0 = Release|Any CPU
		{1744203E-DEE7-4B11-B0D8-BB63F7374312}.Debug|Any CPU.ActiveCfg = Debug|Any CPU
		{1744203E-DEE7-4B11-B0D8-BB63F7374312}.Debug|Any CPU.Build.0 = Debug|Any CPU
		{1744203E-DEE7-4B11-B0D8-BB63F7374312}.Release|Any CPU.ActiveCfg = Release|Any CPU
		{1744203E-DEE7-4B11-B0D8-BB63F7374312}.Release|Any CPU.Build.0 = Release|Any CPU
	EndGlobalSection
	GlobalSection(SolutionProperties) = preSolution
		HideSolutionNode = FALSE
	EndGlobalSection
EndGlobal
